
Microsoft Visual Studio Solution File, Format Version 12.00
# Visual Studio Version 16
VisualStudioVersion = 16.0.30621.155
MinimumVisualStudioVersion = 10.0.40219.1
Project("{FAE04EC0-301F-11D3-BF4B-00C04F79EFBC}") = "Yield", "Yield\Yield.csproj", "{079A35FC-A07B-4A6B-8667-326CC7E22A38}"
EndProject
Global
	GlobalSection(SolutionConfigurationPlatforms) = preSolution
		Debug|Any CPU = Debug|Any CPU
		Release|Any CPU = Release|Any CPU
	EndGlobalSection
	GlobalSection(ProjectConfigurationPlatforms) = postSolution
		{079A35FC-A07B-4A6B-8667-326CC7E22A38}.Debug|Any CPU.ActiveCfg = Debug|Any CPU
		{079A35FC-A07B-4A6B-8667-326CC7E22A38}.Debug|Any CPU.Build.0 = Debug|Any CPU
		{079A35FC-A07B-4A6B-8667-326CC7E22A38}.Release|Any CPU.ActiveCfg = Release|Any CPU
		{079A35FC-A07B-4A6B-8667-326CC7E22A38}.Release|Any CPU.Build.0 = Release|Any CPU
	EndGlobalSection
	GlobalSection(SolutionProperties) = preSolution
		HideSolutionNode = FALSE
	EndGlobalSection
	GlobalSection(ExtensibilityGlobals) = postSolution
		SolutionGuid = {A40FC946-9F98-4F5C-A426-249B41C4E91A}
	EndGlobalSection
EndGlobal
