
Microsoft Visual Studio Solution File, Format Version 12.00
# Visual Studio Version 16
VisualStudioVersion = 16.0.30523.141
MinimumVisualStudioVersion = 10.0.40219.1
Project("{FAE04EC0-301F-11D3-BF4B-00C04F79EFBC}") = "AbstractClass", "AbstractClass\AbstractClass.csproj", "{A54BED72-910E-4888-8134-B7D95F2AE013}"
EndProject
Global
	GlobalSection(SolutionConfigurationPlatforms) = preSolution
		Debug|Any CPU = Debug|Any CPU
		Release|Any CPU = Release|Any CPU
	EndGlobalSection
	GlobalSection(ProjectConfigurationPlatforms) = postSolution
		{A54BED72-910E-4888-8134-B7D95F2AE013}.Debug|Any CPU.ActiveCfg = Debug|Any CPU
		{A54BED72-910E-4888-8134-B7D95F2AE013}.Debug|Any CPU.Build.0 = Debug|Any CPU
		{A54BED72-910E-4888-8134-B7D95F2AE013}.Release|Any CPU.ActiveCfg = Release|Any CPU
		{A54BED72-910E-4888-8134-B7D95F2AE013}.Release|Any CPU.Build.0 = Release|Any CPU
	EndGlobalSection
	GlobalSection(SolutionProperties) = preSolution
		HideSolutionNode = FALSE
	EndGlobalSection
	GlobalSection(ExtensibilityGlobals) = postSolution
		SolutionGuid = {E89EDE2E-DA66-46A3-9327-E629485E7A50}
	EndGlobalSection
EndGlobal
