
Microsoft Visual Studio Solution File, Format Version 12.00
# Visual Studio Version 16
VisualStudioVersion = 16.0.30523.141
MinimumVisualStudioVersion = 10.0.40219.1
Project("{FAE04EC0-301F-11D3-BF4B-00C04F79EFBC}") = "MultiInterfaceInheritance", "MultiInterfaceInheritance\MultiInterfaceInheritance.csproj", "{0CDD959B-7E2B-4A39-BB2A-E7D1911EB99B}"
EndProject
Global
	GlobalSection(SolutionConfigurationPlatforms) = preSolution
		Debug|Any CPU = Debug|Any CPU
		Release|Any CPU = Release|Any CPU
	EndGlobalSection
	GlobalSection(ProjectConfigurationPlatforms) = postSolution
		{0CDD959B-7E2B-4A39-BB2A-E7D1911EB99B}.Debug|Any CPU.ActiveCfg = Debug|Any CPU
		{0CDD959B-7E2B-4A39-BB2A-E7D1911EB99B}.Debug|Any CPU.Build.0 = Debug|Any CPU
		{0CDD959B-7E2B-4A39-BB2A-E7D1911EB99B}.Release|Any CPU.ActiveCfg = Release|Any CPU
		{0CDD959B-7E2B-4A39-BB2A-E7D1911EB99B}.Release|Any CPU.Build.0 = Release|Any CPU
	EndGlobalSection
	GlobalSection(SolutionProperties) = preSolution
		HideSolutionNode = FALSE
	EndGlobalSection
	GlobalSection(ExtensibilityGlobals) = postSolution
		SolutionGuid = {B407BE0B-3A8A-46C9-8B61-1E3D2970AE7B}
	EndGlobalSection
EndGlobal
