
Microsoft Visual Studio Solution File, Format Version 12.00
# Visual Studio Version 16
VisualStudioVersion = 16.0.30621.155
MinimumVisualStudioVersion = 10.0.40219.1
Project("{FAE04EC0-301F-11D3-BF4B-00C04F79EFBC}") = "UsingList", "UsingList\UsingList.csproj", "{758A4615-DEB2-4023-AD3F-BCAFEC6624A1}"
EndProject
Global
	GlobalSection(SolutionConfigurationPlatforms) = preSolution
		Debug|Any CPU = Debug|Any CPU
		Release|Any CPU = Release|Any CPU
	EndGlobalSection
	GlobalSection(ProjectConfigurationPlatforms) = postSolution
		{758A4615-DEB2-4023-AD3F-BCAFEC6624A1}.Debug|Any CPU.ActiveCfg = Debug|Any CPU
		{758A4615-DEB2-4023-AD3F-BCAFEC6624A1}.Debug|Any CPU.Build.0 = Debug|Any CPU
		{758A4615-DEB2-4023-AD3F-BCAFEC6624A1}.Release|Any CPU.ActiveCfg = Release|Any CPU
		{758A4615-DEB2-4023-AD3F-BCAFEC6624A1}.Release|Any CPU.Build.0 = Release|Any CPU
	EndGlobalSection
	GlobalSection(SolutionProperties) = preSolution
		HideSolutionNode = FALSE
	EndGlobalSection
	GlobalSection(ExtensibilityGlobals) = postSolution
		SolutionGuid = {37FE5A37-C202-4E22-A6BA-40B032D10352}
	EndGlobalSection
EndGlobal
