
Microsoft Visual Studio Solution File, Format Version 12.00
# Visual Studio Version 16
VisualStudioVersion = 16.0.30523.141
MinimumVisualStudioVersion = 10.0.40219.1
Project("{FAE04EC0-301F-11D3-BF4B-00C04F79EFBC}") = "PropertiesInAbstractClass", "PropertiesInAbstractClass\PropertiesInAbstractClass.csproj", "{C66B1AA2-3C13-4170-82C6-DDDF64DADF3B}"
EndProject
Global
	GlobalSection(SolutionConfigurationPlatforms) = preSolution
		Debug|Any CPU = Debug|Any CPU
		Release|Any CPU = Release|Any CPU
	EndGlobalSection
	GlobalSection(ProjectConfigurationPlatforms) = postSolution
		{C66B1AA2-3C13-4170-82C6-DDDF64DADF3B}.Debug|Any CPU.ActiveCfg = Debug|Any CPU
		{C66B1AA2-3C13-4170-82C6-DDDF64DADF3B}.Debug|Any CPU.Build.0 = Debug|Any CPU
		{C66B1AA2-3C13-4170-82C6-DDDF64DADF3B}.Release|Any CPU.ActiveCfg = Release|Any CPU
		{C66B1AA2-3C13-4170-82C6-DDDF64DADF3B}.Release|Any CPU.Build.0 = Release|Any CPU
	EndGlobalSection
	GlobalSection(SolutionProperties) = preSolution
		HideSolutionNode = FALSE
	EndGlobalSection
	GlobalSection(ExtensibilityGlobals) = postSolution
		SolutionGuid = {DC21F41F-9235-4817-8F07-93B49D7C9BE8}
	EndGlobalSection
EndGlobal
